
Microsoft Visual Studio Solution File, Format Version 12.00
# Visual Studio Version 17
VisualStudioVersion = 17.0.32112.339
MinimumVisualStudioVersion = 10.0.40219.1
Project("{FAE04EC0-301F-11D3-BF4B-00C04F79EFBC}") = "MediaLink", "MediaLink\MediaLink.csproj", "{B9EF1930-9FFD-47FB-AEEE-FB2DBA4BB743}"
EndProject
Global
	GlobalSection(SolutionConfigurationPlatforms) = preSolution
		Debug|Any CPU = Debug|Any CPU
		Release|Any CPU = Release|Any CPU
	EndGlobalSection
	GlobalSection(ProjectConfigurationPlatforms) = postSolution
		{B9EF1930-9FFD-47FB-AEEE-FB2DBA4BB743}.Debug|Any CPU.ActiveCfg = Debug|Any CPU
		{B9EF1930-9FFD-47FB-AEEE-FB2DBA4BB743}.Debug|Any CPU.Build.0 = Debug|Any CPU
		{B9EF1930-9FFD-47FB-AEEE-FB2DBA4BB743}.Release|Any CPU.ActiveCfg = Release|Any CPU
		{B9EF1930-9FFD-47FB-AEEE-FB2DBA4BB743}.Release|Any CPU.Build.0 = Release|Any CPU
	EndGlobalSection
	GlobalSection(SolutionProperties) = preSolution
		HideSolutionNode = FALSE
	EndGlobalSection
	GlobalSection(ExtensibilityGlobals) = postSolution
		SolutionGuid = {B39B797E-30F1-43AD-BEE4-89803AD84CFA}
	EndGlobalSection
EndGlobal
